
Microsoft Visual Studio Solution File, Format Version 12.00
# Visual Studio Version 17
VisualStudioVersion = 17.0.32112.339
MinimumVisualStudioVersion = 10.0.40219.1
Project("{9A19103F-16F7-4668-BE54-9A1E7A4F7556}") = "Webpage", "Webpage\Webpage.csproj", "{99AA2E8C-B9B1-4022-B5C7-D23DF80C3D80}"
EndProject
Project("{2150E333-8FDC-42A3-9474-1A3956D46DE8}") = "Client", "Client", "{40E00EEA-97A2-45F6-B61B-19053C8B54D2}"
EndProject
Project("{2150E333-8FDC-42A3-9474-1A3956D46DE8}") = "Common", "Common", "{018F1536-0066-46B2-988F-B4DC25B3AD9D}"
EndProject
Project("{2150E333-8FDC-42A3-9474-1A3956D46DE8}") = "Service", "Service", "{4BF09589-1381-4427-B40B-1F99362240A4}"
EndProject
Project("{9A19103F-16F7-4668-BE54-9A1E7A4F7556}") = "Cx.Data", "Cx.Data\Cx.Data.csproj", "{DEA6471E-55F1-4BD5-A6CB-95FA653B5722}"
EndProject
Project("{2150E333-8FDC-42A3-9474-1A3956D46DE8}") = "Zujian", "Zujian", "{61033AF8-8F0F-4AC1-B1DD-66BF63AD4337}"
EndProject
Project("{9A19103F-16F7-4668-BE54-9A1E7A4F7556}") = "Cx.Mongo", "Cx.Mongo\Cx.Mongo.csproj", "{257E82E8-9F2E-412E-9380-C2383722DCF2}"
EndProject
Project("{9A19103F-16F7-4668-BE54-9A1E7A4F7556}") = "Cx.Redis", "Cx.Redis\Cx.Redis.csproj", "{49010C4E-8475-40AC-ACA9-198180409139}"
EndProject
Project("{9A19103F-16F7-4668-BE54-9A1E7A4F7556}") = "Cx.Sql", "Cx.Sql\Cx.Sql.csproj", "{B2B307A8-1685-455E-BE8C-D2E7EC3A9370}"
EndProject
Project("{9A19103F-16F7-4668-BE54-9A1E7A4F7556}") = "Cx.SqlSugar", "Cx.SqlSugar\Cx.SqlSugar.csproj", "{32353004-0938-4669-9137-63A705D60E48}"
EndProject
Project("{9A19103F-16F7-4668-BE54-9A1E7A4F7556}") = "BaseBLL", "BaseBLL\BaseBLL.csproj", "{ACDEEF95-21A6-4BD9-9530-87C0477B81D0}"
EndProject
Project("{9A19103F-16F7-4668-BE54-9A1E7A4F7556}") = "WebMiniApi", "WebMiniApi\WebMiniApi.csproj", "{3F36149D-4086-4339-BC3C-C8E675852F15}"
EndProject
Project("{9A19103F-16F7-4668-BE54-9A1E7A4F7556}") = "WebApi", "WebApi\WebApi.csproj", "{FC415486-A85F-4136-9DA4-E35B544E2E64}"
EndProject
Project("{9A19103F-16F7-4668-BE54-9A1E7A4F7556}") = "ConsoleApp1", "ConsoleApp1\ConsoleApp1.csproj", "{2763D560-5136-475B-BE91-9DBECE08D871}"
EndProject
Project("{9A19103F-16F7-4668-BE54-9A1E7A4F7556}") = "Cx.NPOI", "Cx.NPOI\Cx.NPOI.csproj", "{DB231C6F-7D43-4D07-8A72-24DF8B4EA8B7}"
EndProject
Project("{9A19103F-16F7-4668-BE54-9A1E7A4F7556}") = "Cx.EPPlus", "Cx.EPPlus\Cx.EPPlus.csproj", "{65159866-2EBE-4C72-8878-94A0646ACEF8}"
EndProject
Project("{9A19103F-16F7-4668-BE54-9A1E7A4F7556}") = "Cx.QRCode", "Cx.QRCode\Cx.QRCode.csproj", "{1B4A792E-7500-40E7-BBFC-FA04C5D32969}"
EndProject
Project("{9A19103F-16F7-4668-BE54-9A1E7A4F7556}") = "Cx.Extensions", "Cx.Extensions\Cx.Extensions.csproj", "{905E574C-8F3E-4F7C-BD66-43D1E92F7B1A}"
EndProject
Project("{9A19103F-16F7-4668-BE54-9A1E7A4F7556}") = "Cx.TopShelf", "Cx.TopSelf\Cx.TopShelf.csproj", "{4207B92D-BC98-451A-825D-F86CB3EE4CA5}"
EndProject
Project("{9A19103F-16F7-4668-BE54-9A1E7A4F7556}") = "Cx.SqlSugarV2", "Cx.SqlSugarV2\Cx.SqlSugarV2.csproj", "{D331AD6A-E774-4E13-B21D-05CA9A6D44C1}"
EndProject
Project("{9A19103F-16F7-4668-BE54-9A1E7A4F7556}") = "CxFilter", "CxFilter\CxFilter.csproj", "{55493EEE-CC6D-4533-8DBC-7F9DABF937CB}"
EndProject
Project("{9A19103F-16F7-4668-BE54-9A1E7A4F7556}") = "CxTest", "CxTest\CxTest.csproj", "{019DFC4F-286C-4669-AB77-7CD51A157316}"
EndProject
Project("{FAE04EC0-301F-11D3-BF4B-00C04F79EFBC}") = "Cx.Jwt", "CxJwt\Cx.Jwt.csproj", "{AB1F4088-5B56-4A00-8EFE-CF33F3B635F2}"
EndProject
Global
	GlobalSection(SolutionConfigurationPlatforms) = preSolution
		Debug|Any CPU = Debug|Any CPU
		Release|Any CPU = Release|Any CPU
	EndGlobalSection
	GlobalSection(ProjectConfigurationPlatforms) = postSolution
		{99AA2E8C-B9B1-4022-B5C7-D23DF80C3D80}.Debug|Any CPU.ActiveCfg = Debug|Any CPU
		{99AA2E8C-B9B1-4022-B5C7-D23DF80C3D80}.Debug|Any CPU.Build.0 = Debug|Any CPU
		{99AA2E8C-B9B1-4022-B5C7-D23DF80C3D80}.Release|Any CPU.ActiveCfg = Release|Any CPU
		{99AA2E8C-B9B1-4022-B5C7-D23DF80C3D80}.Release|Any CPU.Build.0 = Release|Any CPU
		{DEA6471E-55F1-4BD5-A6CB-95FA653B5722}.Debug|Any CPU.ActiveCfg = Debug|Any CPU
		{DEA6471E-55F1-4BD5-A6CB-95FA653B5722}.Debug|Any CPU.Build.0 = Debug|Any CPU
		{DEA6471E-55F1-4BD5-A6CB-95FA653B5722}.Release|Any CPU.ActiveCfg = Release|Any CPU
		{DEA6471E-55F1-4BD5-A6CB-95FA653B5722}.Release|Any CPU.Build.0 = Release|Any CPU
		{257E82E8-9F2E-412E-9380-C2383722DCF2}.Debug|Any CPU.ActiveCfg = Debug|Any CPU
		{257E82E8-9F2E-412E-9380-C2383722DCF2}.Debug|Any CPU.Build.0 = Debug|Any CPU
		{257E82E8-9F2E-412E-9380-C2383722DCF2}.Release|Any CPU.ActiveCfg = Release|Any CPU
		{257E82E8-9F2E-412E-9380-C2383722DCF2}.Release|Any CPU.Build.0 = Release|Any CPU
		{49010C4E-8475-40AC-ACA9-198180409139}.Debug|Any CPU.ActiveCfg = Debug|Any CPU
		{49010C4E-8475-40AC-ACA9-198180409139}.Debug|Any CPU.Build.0 = Debug|Any CPU
		{49010C4E-8475-40AC-ACA9-198180409139}.Release|Any CPU.ActiveCfg = Release|Any CPU
		{49010C4E-8475-40AC-ACA9-198180409139}.Release|Any CPU.Build.0 = Release|Any CPU
		{B2B307A8-1685-455E-BE8C-D2E7EC3A9370}.Debug|Any CPU.ActiveCfg = Debug|Any CPU
		{B2B307A8-1685-455E-BE8C-D2E7EC3A9370}.Debug|Any CPU.Build.0 = Debug|Any CPU
		{B2B307A8-1685-455E-BE8C-D2E7EC3A9370}.Release|Any CPU.ActiveCfg = Release|Any CPU
		{B2B307A8-1685-455E-BE8C-D2E7EC3A9370}.Release|Any CPU.Build.0 = Release|Any CPU
		{32353004-0938-4669-9137-63A705D60E48}.Debug|Any CPU.ActiveCfg = Debug|Any CPU
		{32353004-0938-4669-9137-63A705D60E48}.Debug|Any CPU.Build.0 = Debug|Any CPU
		{32353004-0938-4669-9137-63A705D60E48}.Release|Any CPU.ActiveCfg = Release|Any CPU
		{32353004-0938-4669-9137-63A705D60E48}.Release|Any CPU.Build.0 = Release|Any CPU
		{ACDEEF95-21A6-4BD9-9530-87C0477B81D0}.Debug|Any CPU.ActiveCfg = Debug|Any CPU
		{ACDEEF95-21A6-4BD9-9530-87C0477B81D0}.Debug|Any CPU.Build.0 = Debug|Any CPU
		{ACDEEF95-21A6-4BD9-9530-87C0477B81D0}.Release|Any CPU.ActiveCfg = Release|Any CPU
		{ACDEEF95-21A6-4BD9-9530-87C0477B81D0}.Release|Any CPU.Build.0 = Release|Any CPU
		{3F36149D-4086-4339-BC3C-C8E675852F15}.Debug|Any CPU.ActiveCfg = Debug|Any CPU
		{3F36149D-4086-4339-BC3C-C8E675852F15}.Debug|Any CPU.Build.0 = Debug|Any CPU
		{3F36149D-4086-4339-BC3C-C8E675852F15}.Release|Any CPU.ActiveCfg = Release|Any CPU
		{3F36149D-4086-4339-BC3C-C8E675852F15}.Release|Any CPU.Build.0 = Release|Any CPU
		{FC415486-A85F-4136-9DA4-E35B544E2E64}.Debug|Any CPU.ActiveCfg = Debug|Any CPU
		{FC415486-A85F-4136-9DA4-E35B544E2E64}.Debug|Any CPU.Build.0 = Debug|Any CPU
		{FC415486-A85F-4136-9DA4-E35B544E2E64}.Release|Any CPU.ActiveCfg = Release|Any CPU
		{FC415486-A85F-4136-9DA4-E35B544E2E64}.Release|Any CPU.Build.0 = Release|Any CPU
		{2763D560-5136-475B-BE91-9DBECE08D871}.Debug|Any CPU.ActiveCfg = Debug|Any CPU
		{2763D560-5136-475B-BE91-9DBECE08D871}.Debug|Any CPU.Build.0 = Debug|Any CPU
		{2763D560-5136-475B-BE91-9DBECE08D871}.Release|Any CPU.ActiveCfg = Release|Any CPU
		{2763D560-5136-475B-BE91-9DBECE08D871}.Release|Any CPU.Build.0 = Release|Any CPU
		{DB231C6F-7D43-4D07-8A72-24DF8B4EA8B7}.Debug|Any CPU.ActiveCfg = Debug|Any CPU
		{DB231C6F-7D43-4D07-8A72-24DF8B4EA8B7}.Debug|Any CPU.Build.0 = Debug|Any CPU
		{DB231C6F-7D43-4D07-8A72-24DF8B4EA8B7}.Release|Any CPU.ActiveCfg = Release|Any CPU
		{DB231C6F-7D43-4D07-8A72-24DF8B4EA8B7}.Release|Any CPU.Build.0 = Release|Any CPU
		{65159866-2EBE-4C72-8878-94A0646ACEF8}.Debug|Any CPU.ActiveCfg = Debug|Any CPU
		{65159866-2EBE-4C72-8878-94A0646ACEF8}.Debug|Any CPU.Build.0 = Debug|Any CPU
		{65159866-2EBE-4C72-8878-94A0646ACEF8}.Release|Any CPU.ActiveCfg = Release|Any CPU
		{65159866-2EBE-4C72-8878-94A0646ACEF8}.Release|Any CPU.Build.0 = Release|Any CPU
		{1B4A792E-7500-40E7-BBFC-FA04C5D32969}.Debug|Any CPU.ActiveCfg = Debug|Any CPU
		{1B4A792E-7500-40E7-BBFC-FA04C5D32969}.Debug|Any CPU.Build.0 = Debug|Any CPU
		{1B4A792E-7500-40E7-BBFC-FA04C5D32969}.Release|Any CPU.ActiveCfg = Release|Any CPU
		{1B4A792E-7500-40E7-BBFC-FA04C5D32969}.Release|Any CPU.Build.0 = Release|Any CPU
		{905E574C-8F3E-4F7C-BD66-43D1E92F7B1A}.Debug|Any CPU.ActiveCfg = Debug|Any CPU
		{905E574C-8F3E-4F7C-BD66-43D1E92F7B1A}.Debug|Any CPU.Build.0 = Debug|Any CPU
		{905E574C-8F3E-4F7C-BD66-43D1E92F7B1A}.Release|Any CPU.ActiveCfg = Release|Any CPU
		{905E574C-8F3E-4F7C-BD66-43D1E92F7B1A}.Release|Any CPU.Build.0 = Release|Any CPU
		{4207B92D-BC98-451A-825D-F86CB3EE4CA5}.Debug|Any CPU.ActiveCfg = Debug|Any CPU
		{4207B92D-BC98-451A-825D-F86CB3EE4CA5}.Debug|Any CPU.Build.0 = Debug|Any CPU
		{4207B92D-BC98-451A-825D-F86CB3EE4CA5}.Release|Any CPU.ActiveCfg = Release|Any CPU
		{4207B92D-BC98-451A-825D-F86CB3EE4CA5}.Release|Any CPU.Build.0 = Release|Any CPU
		{D331AD6A-E774-4E13-B21D-05CA9A6D44C1}.Debug|Any CPU.ActiveCfg = Debug|Any CPU
		{D331AD6A-E774-4E13-B21D-05CA9A6D44C1}.Debug|Any CPU.Build.0 = Debug|Any CPU
		{D331AD6A-E774-4E13-B21D-05CA9A6D44C1}.Release|Any CPU.ActiveCfg = Release|Any CPU
		{D331AD6A-E774-4E13-B21D-05CA9A6D44C1}.Release|Any CPU.Build.0 = Release|Any CPU
		{55493EEE-CC6D-4533-8DBC-7F9DABF937CB}.Debug|Any CPU.ActiveCfg = Debug|Any CPU
		{55493EEE-CC6D-4533-8DBC-7F9DABF937CB}.Debug|Any CPU.Build.0 = Debug|Any CPU
		{55493EEE-CC6D-4533-8DBC-7F9DABF937CB}.Release|Any CPU.ActiveCfg = Release|Any CPU
		{55493EEE-CC6D-4533-8DBC-7F9DABF937CB}.Release|Any CPU.Build.0 = Release|Any CPU
		{019DFC4F-286C-4669-AB77-7CD51A157316}.Debug|Any CPU.ActiveCfg = Debug|Any CPU
		{019DFC4F-286C-4669-AB77-7CD51A157316}.Debug|Any CPU.Build.0 = Debug|Any CPU
		{019DFC4F-286C-4669-AB77-7CD51A157316}.Release|Any CPU.ActiveCfg = Release|Any CPU
		{019DFC4F-286C-4669-AB77-7CD51A157316}.Release|Any CPU.Build.0 = Release|Any CPU
		{AB1F4088-5B56-4A00-8EFE-CF33F3B635F2}.Debug|Any CPU.ActiveCfg = Debug|Any CPU
		{AB1F4088-5B56-4A00-8EFE-CF33F3B635F2}.Debug|Any CPU.Build.0 = Debug|Any CPU
		{AB1F4088-5B56-4A00-8EFE-CF33F3B635F2}.Release|Any CPU.ActiveCfg = Release|Any CPU
		{AB1F4088-5B56-4A00-8EFE-CF33F3B635F2}.Release|Any CPU.Build.0 = Release|Any CPU
	EndGlobalSection
	GlobalSection(SolutionProperties) = preSolution
		HideSolutionNode = FALSE
	EndGlobalSection
	GlobalSection(NestedProjects) = preSolution
		{99AA2E8C-B9B1-4022-B5C7-D23DF80C3D80} = {40E00EEA-97A2-45F6-B61B-19053C8B54D2}
		{DEA6471E-55F1-4BD5-A6CB-95FA653B5722} = {018F1536-0066-46B2-988F-B4DC25B3AD9D}
		{257E82E8-9F2E-412E-9380-C2383722DCF2} = {61033AF8-8F0F-4AC1-B1DD-66BF63AD4337}
		{49010C4E-8475-40AC-ACA9-198180409139} = {61033AF8-8F0F-4AC1-B1DD-66BF63AD4337}
		{B2B307A8-1685-455E-BE8C-D2E7EC3A9370} = {61033AF8-8F0F-4AC1-B1DD-66BF63AD4337}
		{32353004-0938-4669-9137-63A705D60E48} = {61033AF8-8F0F-4AC1-B1DD-66BF63AD4337}
		{ACDEEF95-21A6-4BD9-9530-87C0477B81D0} = {4BF09589-1381-4427-B40B-1F99362240A4}
		{3F36149D-4086-4339-BC3C-C8E675852F15} = {40E00EEA-97A2-45F6-B61B-19053C8B54D2}
		{FC415486-A85F-4136-9DA4-E35B544E2E64} = {40E00EEA-97A2-45F6-B61B-19053C8B54D2}
		{2763D560-5136-475B-BE91-9DBECE08D871} = {40E00EEA-97A2-45F6-B61B-19053C8B54D2}
		{DB231C6F-7D43-4D07-8A72-24DF8B4EA8B7} = {61033AF8-8F0F-4AC1-B1DD-66BF63AD4337}
		{65159866-2EBE-4C72-8878-94A0646ACEF8} = {61033AF8-8F0F-4AC1-B1DD-66BF63AD4337}
		{1B4A792E-7500-40E7-BBFC-FA04C5D32969} = {61033AF8-8F0F-4AC1-B1DD-66BF63AD4337}
		{905E574C-8F3E-4F7C-BD66-43D1E92F7B1A} = {018F1536-0066-46B2-988F-B4DC25B3AD9D}
		{4207B92D-BC98-451A-825D-F86CB3EE4CA5} = {61033AF8-8F0F-4AC1-B1DD-66BF63AD4337}
		{D331AD6A-E774-4E13-B21D-05CA9A6D44C1} = {61033AF8-8F0F-4AC1-B1DD-66BF63AD4337}
		{55493EEE-CC6D-4533-8DBC-7F9DABF937CB} = {61033AF8-8F0F-4AC1-B1DD-66BF63AD4337}
		{019DFC4F-286C-4669-AB77-7CD51A157316} = {61033AF8-8F0F-4AC1-B1DD-66BF63AD4337}
		{AB1F4088-5B56-4A00-8EFE-CF33F3B635F2} = {61033AF8-8F0F-4AC1-B1DD-66BF63AD4337}
	EndGlobalSection
	GlobalSection(ExtensibilityGlobals) = postSolution
		SolutionGuid = {06E1A74B-9BFA-417B-B7FC-C5CAC7CC7575}
	EndGlobalSection
EndGlobal
